// !$*UTF8*$!
{
	archiveVersion = 1;
	classes = {
	};
	objectVersion = 46;
	objects = {

/* Begin PBXBuildFile section */
		6BBBB711B96D2C9C70AE1538 /* Pods_JarvisApp.framework in Frameworks */ = {isa = PBXBuildFile; fileRef = 39F99BE0834563A387EFCFF0 /* Pods_JarvisApp.framework */; };
		B22F74871C8281B50090A704 /* MMDrawerBarButtonItem.m in Sources */ = {isa = PBXBuildFile; fileRef = B22F747F1C8281B50090A704 /* MMDrawerBarButtonItem.m */; };
		B22F74881C8281B50090A704 /* MMDrawerController.m in Sources */ = {isa = PBXBuildFile; fileRef = B22F74811C8281B50090A704 /* MMDrawerController.m */; };
		B22F74891C8281B50090A704 /* MMDrawerVisualState.m in Sources */ = {isa = PBXBuildFile; fileRef = B22F74841C8281B50090A704 /* MMDrawerVisualState.m */; };
		B22F748A1C8281B50090A704 /* UIViewController+MMDrawerController.m in Sources */ = {isa = PBXBuildFile; fileRef = B22F74861C8281B50090A704 /* UIViewController+MMDrawerController.m */; };
		B22F748C1C8281FE0090A704 /* SlideMenuTVC.swift in Sources */ = {isa = PBXBuildFile; fileRef = B22F748B1C8281FE0090A704 /* SlideMenuTVC.swift */; };
		B22F74B31C836D800090A704 /* TestData.swift in Sources */ = {isa = PBXBuildFile; fileRef = B22F74B21C836D800090A704 /* TestData.swift */; };
		B298FDCE1C85425D00D61D38 /* TestData02.swift in Sources */ = {isa = PBXBuildFile; fileRef = B298FDCD1C85425D00D61D38 /* TestData02.swift */; };
		B298FDD01C8544B500D61D38 /* TestData03.swift in Sources */ = {isa = PBXBuildFile; fileRef = B298FDCF1C8544B500D61D38 /* TestData03.swift */; };
		B2AEF4531C91614200F88E86 /* ThirdVC.swift in Sources */ = {isa = PBXBuildFile; fileRef = B2AEF4521C91614200F88E86 /* ThirdVC.swift */; };
		B2C9C6CC1C83F936005A4132 /* ThirdCell.swift in Sources */ = {isa = PBXBuildFile; fileRef = B2C9C6CB1C83F936005A4132 /* ThirdCell.swift */; };
		B2DA06441C7D950700507C3C /* AppDelegate.swift in Sources */ = {isa = PBXBuildFile; fileRef = B2DA06431C7D950700507C3C /* AppDelegate.swift */; };
		B2DA064B1C7D950700507C3C /* Assets.xcassets in Resources */ = {isa = PBXBuildFile; fileRef = B2DA064A1C7D950700507C3C /* Assets.xcassets */; };
		B2DA064E1C7D950700507C3C /* LaunchScreen.storyboard in Resources */ = {isa = PBXBuildFile; fileRef = B2DA064C1C7D950700507C3C /* LaunchScreen.storyboard */; };
		B2DA06561C7D95FC00507C3C /* MainTVC.swift in Sources */ = {isa = PBXBuildFile; fileRef = B2DA06551C7D95FC00507C3C /* MainTVC.swift */; };
		B2DA065A1C7D963100507C3C /* MainCell.swift in Sources */ = {isa = PBXBuildFile; fileRef = B2DA06591C7D963100507C3C /* MainCell.swift */; };
		B2DA065C1C7E241C00507C3C /* SecondTVC.swift in Sources */ = {isa = PBXBuildFile; fileRef = B2DA065B1C7E241C00507C3C /* SecondTVC.swift */; };
		B2DA065E1C7E242E00507C3C /* SecondCell.swift in Sources */ = {isa = PBXBuildFile; fileRef = B2DA065D1C7E242E00507C3C /* SecondCell.swift */; };
/* End PBXBuildFile section */

/* Begin PBXFileReference section */
		39F99BE0834563A387EFCFF0 /* Pods_JarvisApp.framework */ = {isa = PBXFileReference; explicitFileType = wrapper.framework; includeInIndex = 0; path = Pods_JarvisApp.framework; sourceTree = BUILT_PRODUCTS_DIR; };
		B22F747D1C8281B40090A704 /* JarvisApp-Bridging-Header.h */ = {isa = PBXFileReference; lastKnownFileType = sourcecode.c.h; path = "JarvisApp-Bridging-Header.h"; sourceTree = "<group>"; };
		B22F747E1C8281B50090A704 /* MMDrawerBarButtonItem.h */ = {isa = PBXFileReference; fileEncoding = 4; lastKnownFileType = sourcecode.c.h; path = MMDrawerBarButtonItem.h; sourceTree = "<group>"; };
		B22F747F1C8281B50090A704 /* MMDrawerBarButtonItem.m */ = {isa = PBXFileReference; fileEncoding = 4; lastKnownFileType = sourcecode.c.objc; path = MMDrawerBarButtonItem.m; sourceTree = "<group>"; };
		B22F74801C8281B50090A704 /* MMDrawerController.h */ = {isa = PBXFileReference; fileEncoding = 4; lastKnownFileType = sourcecode.c.h; path = MMDrawerController.h; sourceTree = "<group>"; };
		B22F74811C8281B50090A704 /* MMDrawerController.m */ = {isa = PBXFileReference; fileEncoding = 4; lastKnownFileType = sourcecode.c.objc; path = MMDrawerController.m; sourceTree = "<group>"; };
		B22F74821C8281B50090A704 /* MMDrawerController+Subclass.h */ = {isa = PBXFileReference; fileEncoding = 4; lastKnownFileType = sourcecode.c.h; path = "MMDrawerController+Subclass.h"; sourceTree = "<group>"; };
		B22F74831C8281B50090A704 /* MMDrawerVisualState.h */ = {isa = PBXFileReference; fileEncoding = 4; lastKnownFileType = sourcecode.c.h; path = MMDrawerVisualState.h; sourceTree = "<group>"; };
		B22F74841C8281B50090A704 /* MMDrawerVisualState.m */ = {isa = PBXFileReference; fileEncoding = 4; lastKnownFileType = sourcecode.c.objc; path = MMDrawerVisualState.m; sourceTree = "<group>"; };
		B22F74851C8281B50090A704 /* UIViewController+MMDrawerController.h */ = {isa = PBXFileReference; fileEncoding = 4; lastKnownFileType = sourcecode.c.h; path = "UIViewController+MMDrawerController.h"; sourceTree = "<group>"; };
		B22F74861C8281B50090A704 /* UIViewController+MMDrawerController.m */ = {isa = PBXFileReference; fileEncoding = 4; lastKnownFileType = sourcecode.c.objc; path = "UIViewController+MMDrawerController.m"; sourceTree = "<group>"; };
		B22F748B1C8281FE0090A704 /* SlideMenuTVC.swift */ = {isa = PBXFileReference; fileEncoding = 4; lastKnownFileType = sourcecode.swift; path = SlideMenuTVC.swift; sourceTree = "<group>"; };
		B22F74B21C836D800090A704 /* TestData.swift */ = {isa = PBXFileReference; fileEncoding = 4; lastKnownFileType = sourcecode.swift; path = TestData.swift; sourceTree = "<group>"; };
		B298FDCD1C85425D00D61D38 /* TestData02.swift */ = {isa = PBXFileReference; fileEncoding = 4; lastKnownFileType = sourcecode.swift; path = TestData02.swift; sourceTree = "<group>"; };
		B298FDCF1C8544B500D61D38 /* TestData03.swift */ = {isa = PBXFileReference; fileEncoding = 4; lastKnownFileType = sourcecode.swift; path = TestData03.swift; sourceTree = "<group>"; };
		B2AEF4521C91614200F88E86 /* ThirdVC.swift */ = {isa = PBXFileReference; fileEncoding = 4; lastKnownFileType = sourcecode.swift; path = ThirdVC.swift; sourceTree = "<group>"; };
		B2C9C6CB1C83F936005A4132 /* ThirdCell.swift */ = {isa = PBXFileReference; fileEncoding = 4; lastKnownFileType = sourcecode.swift; path = ThirdCell.swift; sourceTree = "<group>"; };
		B2DA06401C7D950700507C3C /* JarvisApp.app */ = {isa = PBXFileReference; explicitFileType = wrapper.application; includeInIndex = 0; path = JarvisApp.app; sourceTree = BUILT_PRODUCTS_DIR; };
		B2DA06431C7D950700507C3C /* AppDelegate.swift */ = {isa = PBXFileReference; lastKnownFileType = sourcecode.swift; path = AppDelegate.swift; sourceTree = "<group>"; };
		B2DA064A1C7D950700507C3C /* Assets.xcassets */ = {isa = PBXFileReference; lastKnownFileType = folder.assetcatalog; path = Assets.xcassets; sourceTree = "<group>"; };
		B2DA064D1C7D950700507C3C /* Base */ = {isa = PBXFileReference; lastKnownFileType = file.storyboard; name = Base; path = Base.lproj/LaunchScreen.storyboard; sourceTree = "<group>"; };
		B2DA064F1C7D950700507C3C /* Info.plist */ = {isa = PBXFileReference; lastKnownFileType = text.plist.xml; path = Info.plist; sourceTree = "<group>"; };
		B2DA06551C7D95FC00507C3C /* MainTVC.swift */ = {isa = PBXFileReference; fileEncoding = 4; lastKnownFileType = sourcecode.swift; path = MainTVC.swift; sourceTree = "<group>"; };
		B2DA06591C7D963100507C3C /* MainCell.swift */ = {isa = PBXFileReference; fileEncoding = 4; lastKnownFileType = sourcecode.swift; path = MainCell.swift; sourceTree = "<group>"; };
		B2DA065B1C7E241C00507C3C /* SecondTVC.swift */ = {isa = PBXFileReference; fileEncoding = 4; lastKnownFileType = sourcecode.swift; path = SecondTVC.swift; sourceTree = "<group>"; };
		B2DA065D1C7E242E00507C3C /* SecondCell.swift */ = {isa = PBXFileReference; fileEncoding = 4; lastKnownFileType = sourcecode.swift; path = SecondCell.swift; sourceTree = "<group>"; };
		D004C050E33D023121A84659 /* Pods-JarvisApp.release.xcconfig */ = {isa = PBXFileReference; includeInIndex = 1; lastKnownFileType = text.xcconfig; name = "Pods-JarvisApp.release.xcconfig"; path = "Pods/Target Support Files/Pods-JarvisApp/Pods-JarvisApp.release.xcconfig"; sourceTree = "<group>"; };
		D7E9A69C3705016F4A40639A /* Pods-JarvisApp.debug.xcconfig */ = {isa = PBXFileReference; includeInIndex = 1; lastKnownFileType = text.xcconfig; name = "Pods-JarvisApp.debug.xcconfig"; path = "Pods/Target Support Files/Pods-JarvisApp/Pods-JarvisApp.debug.xcconfig"; sourceTree = "<group>"; };
/* End PBXFileReference section */

/* Begin PBXFrameworksBuildPhase section */
		B2DA063D1C7D950700507C3C /* Frameworks */ = {
			isa = PBXFrameworksBuildPhase;
			buildActionMask = 2147483647;
			files = (
				6BBBB711B96D2C9C70AE1538 /* Pods_JarvisApp.framework in Frameworks */,
			);
			runOnlyForDeploymentPostprocessing = 0;
		};
/* End PBXFrameworksBuildPhase section */

/* Begin PBXGroup section */
		8BDCE99F0036A13DD8737589 /* Pods */ = {
			isa = PBXGroup;
			children = (
				D7E9A69C3705016F4A40639A /* Pods-JarvisApp.debug.xcconfig */,
				D004C050E33D023121A84659 /* Pods-JarvisApp.release.xcconfig */,
			);
			name = Pods;
			sourceTree = "<group>";
		};
		B22F747C1C8281620090A704 /* MM */ = {
			isa = PBXGroup;
			children = (
				B22F747E1C8281B50090A704 /* MMDrawerBarButtonItem.h */,
				B22F747F1C8281B50090A704 /* MMDrawerBarButtonItem.m */,
				B22F74801C8281B50090A704 /* MMDrawerController.h */,
				B22F74811C8281B50090A704 /* MMDrawerController.m */,
				B22F74821C8281B50090A704 /* MMDrawerController+Subclass.h */,
				B22F74831C8281B50090A704 /* MMDrawerVisualState.h */,
				B22F74841C8281B50090A704 /* MMDrawerVisualState.m */,
				B22F74851C8281B50090A704 /* UIViewController+MMDrawerController.h */,
				B22F74861C8281B50090A704 /* UIViewController+MMDrawerController.m */,
				B22F747D1C8281B40090A704 /* JarvisApp-Bridging-Header.h */,
			);
			name = MM;
			sourceTree = "<group>";
		};
		B22F74B11C836D6D0090A704 /* Model */ = {
			isa = PBXGroup;
			children = (
				B22F74B21C836D800090A704 /* TestData.swift */,
				B298FDCD1C85425D00D61D38 /* TestData02.swift */,
				B298FDCF1C8544B500D61D38 /* TestData03.swift */,
			);
			name = Model;
			sourceTree = "<group>";
		};
		B2DA06371C7D950700507C3C = {
			isa = PBXGroup;
			children = (
				B2DA06421C7D950700507C3C /* JarvisApp */,
				B2DA06411C7D950700507C3C /* Products */,
				8BDCE99F0036A13DD8737589 /* Pods */,
				B73DA7E7CCECC9BFA9C95AF9 /* Frameworks */,
			);
			sourceTree = "<group>";
		};
		B2DA06411C7D950700507C3C /* Products */ = {
			isa = PBXGroup;
			children = (
				B2DA06401C7D950700507C3C /* JarvisApp.app */,
			);
			name = Products;
			sourceTree = "<group>";
		};
		B2DA06421C7D950700507C3C /* JarvisApp */ = {
			isa = PBXGroup;
			children = (
				B2DA06431C7D950700507C3C /* AppDelegate.swift */,
				B22F74B11C836D6D0090A704 /* Model */,
				B2DA06581C7D961C00507C3C /* VIew */,
				B2DA06571C7D960F00507C3C /* Controller */,
				B22F747C1C8281620090A704 /* MM */,
				B2DA064A1C7D950700507C3C /* Assets.xcassets */,
				B2DA064C1C7D950700507C3C /* LaunchScreen.storyboard */,
				B2DA064F1C7D950700507C3C /* Info.plist */,
			);
			path = JarvisApp;
			sourceTree = "<group>";
		};
		B2DA06571C7D960F00507C3C /* Controller */ = {
			isa = PBXGroup;
			children = (
				B2DA06551C7D95FC00507C3C /* MainTVC.swift */,
				B2DA065B1C7E241C00507C3C /* SecondTVC.swift */,
				B2AEF4521C91614200F88E86 /* ThirdVC.swift */,
				B22F748B1C8281FE0090A704 /* SlideMenuTVC.swift */,
			);
			name = Controller;
			sourceTree = "<group>";
		};
		B2DA06581C7D961C00507C3C /* VIew */ = {
			isa = PBXGroup;
			children = (
				B2DA06591C7D963100507C3C /* MainCell.swift */,
				B2DA065D1C7E242E00507C3C /* SecondCell.swift */,
				B2C9C6CB1C83F936005A4132 /* ThirdCell.swift */,
			);
			name = VIew;
			sourceTree = "<group>";
		};
		B73DA7E7CCECC9BFA9C95AF9 /* Frameworks */ = {
			isa = PBXGroup;
			children = (
				39F99BE0834563A387EFCFF0 /* Pods_JarvisApp.framework */,
			);
			name = Frameworks;
			sourceTree = "<group>";
		};
/* End PBXGroup section */

/* Begin PBXNativeTarget section */
		B2DA063F1C7D950700507C3C /* JarvisApp */ = {
			isa = PBXNativeTarget;
			buildConfigurationList = B2DA06521C7D950700507C3C /* Build configuration list for PBXNativeTarget "JarvisApp" */;
			buildPhases = (
				F568FF1BA485CF3A74823A48 /* Check Pods Manifest.lock */,
				B2DA063C1C7D950700507C3C /* Sources */,
				B2DA063D1C7D950700507C3C /* Frameworks */,
				B2DA063E1C7D950700507C3C /* Resources */,
				8413CB0088B1075748597B5A /* Embed Pods Frameworks */,
				EEC54CF73330347251F1BC14 /* Copy Pods Resources */,
			);
			buildRules = (
			);
			dependencies = (
			);
			name = JarvisApp;
			productName = JarvisApp;
			productReference = B2DA06401C7D950700507C3C /* JarvisApp.app */;
			productType = "com.apple.product-type.application";
		};
/* End PBXNativeTarget section */

/* Begin PBXProject section */
		B2DA06381C7D950700507C3C /* Project object */ = {
			isa = PBXProject;
			attributes = {
				LastSwiftUpdateCheck = 0720;
				LastUpgradeCheck = 0720;
				ORGANIZATIONNAME = JohnnyKetchup;
				TargetAttributes = {
					B2DA063F1C7D950700507C3C = {
						CreatedOnToolsVersion = 7.2.1;
					};
				};
			};
			buildConfigurationList = B2DA063B1C7D950700507C3C /* Build configuration list for PBXProject "JarvisApp" */;
			compatibilityVersion = "Xcode 3.2";
			developmentRegion = English;
			hasScannedForEncodings = 0;
			knownRegions = (
				en,
				Base,
			);
			mainGroup = B2DA06371C7D950700507C3C;
			productRefGroup = B2DA06411C7D950700507C3C /* Products */;
			projectDirPath = "";
			projectRoot = "";
			targets = (
				B2DA063F1C7D950700507C3C /* JarvisApp */,
			);
		};
/* End PBXProject section */

/* Begin PBXResourcesBuildPhase section */
		B2DA063E1C7D950700507C3C /* Resources */ = {
			isa = PBXResourcesBuildPhase;
			buildActionMask = 2147483647;
			files = (
				B2DA064E1C7D950700507C3C /* LaunchScreen.storyboard in Resources */,
				B2DA064B1C7D950700507C3C /* Assets.xcassets in Resources */,
			);
			runOnlyForDeploymentPostprocessing = 0;
		};
/* End PBXResourcesBuildPhase section */

/* Begin PBXShellScriptBuildPhase section */
		8413CB0088B1075748597B5A /* Embed Pods Frameworks */ = {
			isa = PBXShellScriptBuildPhase;
			buildActionMask = 2147483647;
			files = (
			);
			inputPaths = (
			);
			name = "Embed Pods Frameworks";
			outputPaths = (
			);
			runOnlyForDeploymentPostprocessing = 0;
			shellPath = /bin/sh;
			shellScript = "\"${SRCROOT}/Pods/Target Support Files/Pods-JarvisApp/Pods-JarvisApp-frameworks.sh\"\n";
			showEnvVarsInLog = 0;
		};
		EEC54CF73330347251F1BC14 /* Copy Pods Resources */ = {
			isa = PBXShellScriptBuildPhase;
			buildActionMask = 2147483647;
			files = (
			);
			inputPaths = (
			);
			name = "Copy Pods Resources";
			outputPaths = (
			);
			runOnlyForDeploymentPostprocessing = 0;
			shellPath = /bin/sh;
			shellScript = "\"${SRCROOT}/Pods/Target Support Files/Pods-JarvisApp/Pods-JarvisApp-resources.sh\"\n";
			showEnvVarsInLog = 0;
		};
		F568FF1BA485CF3A74823A48 /* Check Pods Manifest.lock */ = {
			isa = PBXShellScriptBuildPhase;
			buildActionMask = 2147483647;
			files = (
			);
			inputPaths = (
			);
			name = "Check Pods Manifest.lock";
			outputPaths = (
			);
			runOnlyForDeploymentPostprocessing = 0;
			shellPath = /bin/sh;
			shellScript = "diff \"${PODS_ROOT}/../Podfile.lock\" \"${PODS_ROOT}/Manifest.lock\" > /dev/null\nif [[ $? != 0 ]] ; then\n    cat << EOM\nerror: The sandbox is not in sync with the Podfile.lock. Run 'pod install' or update your CocoaPods installation.\nEOM\n    exit 1\nfi\n";
			showEnvVarsInLog = 0;
		};
/* End PBXShellScriptBuildPhase section */

/* Begin PBXSourcesBuildPhase section */
		B2DA063C1C7D950700507C3C /* Sources */ = {
			isa = PBXSourcesBuildPhase;
			buildActionMask = 2147483647;
			files = (
				B2DA06561C7D95FC00507C3C /* MainTVC.swift in Sources */,
				B298FDD01C8544B500D61D38 /* TestData03.swift in Sources */,
				B22F74B31C836D800090A704 /* TestData.swift in Sources */,
				B22F74871C8281B50090A704 /* MMDrawerBarButtonItem.m in Sources */,
				B22F74881C8281B50090A704 /* MMDrawerController.m in Sources */,
				B2DA06441C7D950700507C3C /* AppDelegate.swift in Sources */,
				B22F74891C8281B50090A704 /* MMDrawerVisualState.m in Sources */,
				B2DA065A1C7D963100507C3C /* MainCell.swift in Sources */,
				B298FDCE1C85425D00D61D38 /* TestData02.swift in Sources */,
				B22F748A1C8281B50090A704 /* UIViewController+MMDrawerController.m in Sources */,
				B2DA065E1C7E242E00507C3C /* SecondCell.swift in Sources */,
				B2C9C6CC1C83F936005A4132 /* ThirdCell.swift in Sources */,
				B2AEF4531C91614200F88E86 /* ThirdVC.swift in Sources */,
				B22F748C1C8281FE0090A704 /* SlideMenuTVC.swift in Sources */,
				B2DA065C1C7E241C00507C3C /* SecondTVC.swift in Sources */,
			);
			runOnlyForDeploymentPostprocessing = 0;
		};
/* End PBXSourcesBuildPhase section */

/* Begin PBXVariantGroup section */
		B2DA064C1C7D950700507C3C /* LaunchScreen.storyboard */ = {
			isa = PBXVariantGroup;
			children = (
				B2DA064D1C7D950700507C3C /* Base */,
			);
			name = LaunchScreen.storyboard;
			sourceTree = "<group>";
		};
/* End PBXVariantGroup section */

/* Begin XCBuildConfiguration section */
		B2DA06501C7D950700507C3C /* Debug */ = {
			isa = XCBuildConfiguration;
			buildSettings = {
				ALWAYS_SEARCH_USER_PATHS = NO;
				CLANG_CXX_LANGUAGE_STANDARD = "gnu++0x";
				CLANG_CXX_LIBRARY = "libc++";
				CLANG_ENABLE_MODULES = YES;
				CLANG_ENABLE_OBJC_ARC = YES;
				CLANG_WARN_BOOL_CONVERSION = YES;
				CLANG_WARN_CONSTANT_CONVERSION = YES;
				CLANG_WARN_DIRECT_OBJC_ISA_USAGE = YES_ERROR;
				CLANG_WARN_EMPTY_BODY = YES;
				CLANG_WARN_ENUM_CONVERSION = YES;
				CLANG_WARN_INT_CONVERSION = YES;
				CLANG_WARN_OBJC_ROOT_CLASS = YES_ERROR;
				CLANG_WARN_UNREACHABLE_CODE = YES;
				CLANG_WARN__DUPLICATE_METHOD_MATCH = YES;
				"CODE_SIGN_IDENTITY[sdk=iphoneos*]" = "iPhone Developer";
				COPY_PHASE_STRIP = NO;
				DEBUG_INFORMATION_FORMAT = dwarf;
				ENABLE_STRICT_OBJC_MSGSEND = YES;
				ENABLE_TESTABILITY = YES;
				GCC_C_LANGUAGE_STANDARD = gnu99;
				GCC_DYNAMIC_NO_PIC = NO;
				GCC_NO_COMMON_BLOCKS = YES;
				GCC_OPTIMIZATION_LEVEL = 0;
				GCC_PREPROCESSOR_DEFINITIONS = (
					"DEBUG=1",
					"$(inherited)",
				);
				GCC_WARN_64_TO_32_BIT_CONVERSION = YES;
				GCC_WARN_ABOUT_RETURN_TYPE = YES_ERROR;
				GCC_WARN_UNDECLARED_SELECTOR = YES;
				GCC_WARN_UNINITIALIZED_AUTOS = YES_AGGRESSIVE;
				GCC_WARN_UNUSED_FUNCTION = YES;
				GCC_WARN_UNUSED_VARIABLE = YES;
				IPHONEOS_DEPLOYMENT_TARGET = 9.2;
				MTL_ENABLE_DEBUG_INFO = YES;
				ONLY_ACTIVE_ARCH = YES;
				SDKROOT = iphoneos;
				SWIFT_OPTIMIZATION_LEVEL = "-Onone";
			};
			name = Debug;
		};
		B2DA06511C7D950700507C3C /* Release */ = {
			isa = XCBuildConfiguration;
			buildSettings = {
				ALWAYS_SEARCH_USER_PATHS = NO;
				CLANG_CXX_LANGUAGE_STANDARD = "gnu++0x";
				CLANG_CXX_LIBRARY = "libc++";
				CLANG_ENABLE_MODULES = YES;
				CLANG_ENABLE_OBJC_ARC = YES;
				CLANG_WARN_BOOL_CONVERSION = YES;
				CLANG_WARN_CONSTANT_CONVERSION = YES;
				CLANG_WARN_DIRECT_OBJC_ISA_USAGE = YES_ERROR;
				CLANG_WARN_EMPTY_BODY = YES;
				CLANG_WARN_ENUM_CONVERSION = YES;
				CLANG_WARN_INT_CONVERSION = YES;
				CLANG_WARN_OBJC_ROOT_CLASS = YES_ERROR;
				CLANG_WARN_UNREACHABLE_CODE = YES;
				CLANG_WARN__DUPLICATE_METHOD_MATCH = YES;
				"CODE_SIGN_IDENTITY[sdk=iphoneos*]" = "iPhone Developer";
				COPY_PHASE_STRIP = NO;
				DEBUG_INFORMATION_FORMAT = "dwarf-with-dsym";
				ENABLE_NS_ASSERTIONS = NO;
				ENABLE_STRICT_OBJC_MSGSEND = YES;
				GCC_C_LANGUAGE_STANDARD = gnu99;
				GCC_NO_COMMON_BLOCKS = YES;
				GCC_WARN_64_TO_32_BIT_CONVERSION = YES;
				GCC_WARN_ABOUT_RETURN_TYPE = YES_ERROR;
				GCC_WARN_UNDECLARED_SELECTOR = YES;
				GCC_WARN_UNINITIALIZED_AUTOS = YES_AGGRESSIVE;
				GCC_WARN_UNUSED_FUNCTION = YES;
				GCC_WARN_UNUSED_VARIABLE = YES;
				IPHONEOS_DEPLOYMENT_TARGET = 9.2;
				MTL_ENABLE_DEBUG_INFO = NO;
				SDKROOT = iphoneos;
				VALIDATE_PRODUCT = YES;
			};
			name = Release;
		};
		B2DA06531C7D950700507C3C /* Debug */ = {
			isa = XCBuildConfiguration;
			baseConfigurationReference = D7E9A69C3705016F4A40639A /* Pods-JarvisApp.debug.xcconfig */;
			buildSettings = {
				ASSETCATALOG_COMPILER_APPICON_NAME = AppIcon;
				CLANG_ENABLE_MODULES = YES;
				INFOPLIST_FILE = JarvisApp/Info.plist;
				LD_RUNPATH_SEARCH_PATHS = "$(inherited) @executable_path/Frameworks";
				PRODUCT_BUNDLE_IDENTIFIER = com.johnnyketchup.JarvisApp;
				PRODUCT_NAME = "$(TARGET_NAME)";
				SWIFT_OBJC_BRIDGING_HEADER = "JarvisApp/JarvisApp-Bridging-Header.h";
				SWIFT_OPTIMIZATION_LEVEL = "-Onone";
			};
			name = Debug;
		};
		B2DA06541C7D950700507C3C /* Release */ = {
			isa = XCBuildConfiguration;
			baseConfigurationReference = D004C050E33D023121A84659 /* Pods-JarvisApp.release.xcconfig */;
			buildSettings = {
				ASSETCATALOG_COMPILER_APPICON_NAME = AppIcon;
				CLANG_ENABLE_MODULES = YES;
				INFOPLIST_FILE = JarvisApp/Info.plist;
				LD_RUNPATH_SEARCH_PATHS = "$(inherited) @executable_path/Frameworks";
				PRODUCT_BUNDLE_IDENTIFIER = com.johnnyketchup.JarvisApp;
				PRODUCT_NAME = "$(TARGET_NAME)";
				SWIFT_OBJC_BRIDGING_HEADER = "JarvisApp/JarvisApp-Bridging-Header.h";
			};
			name = Release;
		};
/* End XCBuildConfiguration section */

/* Begin XCConfigurationList section */
		B2DA063B1C7D950700507C3C /* Build configuration list for PBXProject "JarvisApp" */ = {
			isa = XCConfigurationList;
			buildConfigurations = (
				B2DA06501C7D950700507C3C /* Debug */,
				B2DA06511C7D950700507C3C /* Release */,
			);
			defaultConfigurationIsVisible = 0;
			defaultConfigurationName = Release;
		};
		B2DA06521C7D950700507C3C /* Build configuration list for PBXNativeTarget "JarvisApp" */ = {
			isa = XCConfigurationList;
			buildConfigurations = (
				B2DA06531C7D950700507C3C /* Debug */,
				B2DA06541C7D950700507C3C /* Release */,
			);
			defaultConfigurationIsVisible = 0;
			defaultConfigurationName = Release;
		};
/* End XCConfigurationList section */
	};
	rootObject = B2DA06381C7D950700507C3C /* Project object */;
}
